
Microsoft Visual Studio Solution File, Format Version 12.00
# Visual Studio 15
Project("{FAE04EC0-301F-11D3-BF4B-00C04F79EFBC}") = "SteamVR", "SteamVR.csproj", "{1FEFEF46-C721-8E83-5617-B494B5A86EFE}"
EndProject
Project("{FAE04EC0-301F-11D3-BF4B-00C04F79EFBC}") = "Assembly-CSharp", "Assembly-CSharp.csproj", "{D35248E9-82D7-6C90-63C1-9B446A48F9C7}"
EndProject
Project("{FAE04EC0-301F-11D3-BF4B-00C04F79EFBC}") = "Assembly-CSharp-firstpass", "Assembly-CSharp-firstpass.csproj", "{D3B67E65-A35C-66AE-5557-B947E49D5383}"
EndProject
Project("{FAE04EC0-301F-11D3-BF4B-00C04F79EFBC}") = "SteamVR_Actions", "SteamVR_Actions.csproj", "{CD4C346E-FE62-1606-D6D0-99DE418DAED3}"
EndProject
Project("{FAE04EC0-301F-11D3-BF4B-00C04F79EFBC}") = "SteamVR_Editor", "SteamVR_Editor.csproj", "{526CB400-0C5A-7277-7F3D-07C9C0C7942E}"
EndProject
Project("{FAE04EC0-301F-11D3-BF4B-00C04F79EFBC}") = "SteamVR_Input_Editor", "SteamVR_Input_Editor.csproj", "{24ED91BD-25C2-5CB6-0282-115C36666878}"
EndProject
Project("{FAE04EC0-301F-11D3-BF4B-00C04F79EFBC}") = "SteamVR_Windows_EditorHelper", "SteamVR_Windows_EditorHelper.csproj", "{3C5FADB4-D740-A5A7-8750-FD28B2A7433F}"
EndProject
Global
	GlobalSection(SolutionConfigurationPlatforms) = preSolution
		Debug|Any CPU = Debug|Any CPU
		Release|Any CPU = Release|Any CPU
	EndGlobalSection
	GlobalSection(ProjectConfigurationPlatforms) = postSolution
		{1FEFEF46-C721-8E83-5617-B494B5A86EFE}.Debug|Any CPU.ActiveCfg = Debug|Any CPU
		{1FEFEF46-C721-8E83-5617-B494B5A86EFE}.Debug|Any CPU.Build.0 = Debug|Any CPU
		{1FEFEF46-C721-8E83-5617-B494B5A86EFE}.Release|Any CPU.ActiveCfg = Release|Any CPU
		{1FEFEF46-C721-8E83-5617-B494B5A86EFE}.Release|Any CPU.Build.0 = Release|Any CPU
		{D35248E9-82D7-6C90-63C1-9B446A48F9C7}.Debug|Any CPU.ActiveCfg = Debug|Any CPU
		{D35248E9-82D7-6C90-63C1-9B446A48F9C7}.Debug|Any CPU.Build.0 = Debug|Any CPU
		{D35248E9-82D7-6C90-63C1-9B446A48F9C7}.Release|Any CPU.ActiveCfg = Release|Any CPU
		{D35248E9-82D7-6C90-63C1-9B446A48F9C7}.Release|Any CPU.Build.0 = Release|Any CPU
		{D3B67E65-A35C-66AE-5557-B947E49D5383}.Debug|Any CPU.ActiveCfg = Debug|Any CPU
		{D3B67E65-A35C-66AE-5557-B947E49D5383}.Debug|Any CPU.Build.0 = Debug|Any CPU
		{D3B67E65-A35C-66AE-5557-B947E49D5383}.Release|Any CPU.ActiveCfg = Release|Any CPU
		{D3B67E65-A35C-66AE-5557-B947E49D5383}.Release|Any CPU.Build.0 = Release|Any CPU
		{CD4C346E-FE62-1606-D6D0-99DE418DAED3}.Debug|Any CPU.ActiveCfg = Debug|Any CPU
		{CD4C346E-FE62-1606-D6D0-99DE418DAED3}.Debug|Any CPU.Build.0 = Debug|Any CPU
		{CD4C346E-FE62-1606-D6D0-99DE418DAED3}.Release|Any CPU.ActiveCfg = Release|Any CPU
		{CD4C346E-FE62-1606-D6D0-99DE418DAED3}.Release|Any CPU.Build.0 = Release|Any CPU
		{526CB400-0C5A-7277-7F3D-07C9C0C7942E}.Debug|Any CPU.ActiveCfg = Debug|Any CPU
		{526CB400-0C5A-7277-7F3D-07C9C0C7942E}.Debug|Any CPU.Build.0 = Debug|Any CPU
		{526CB400-0C5A-7277-7F3D-07C9C0C7942E}.Release|Any CPU.ActiveCfg = Release|Any CPU
		{526CB400-0C5A-7277-7F3D-07C9C0C7942E}.Release|Any CPU.Build.0 = Release|Any CPU
		{24ED91BD-25C2-5CB6-0282-115C36666878}.Debug|Any CPU.ActiveCfg = Debug|Any CPU
		{24ED91BD-25C2-5CB6-0282-115C36666878}.Debug|Any CPU.Build.0 = Debug|Any CPU
		{24ED91BD-25C2-5CB6-0282-115C36666878}.Release|Any CPU.ActiveCfg = Release|Any CPU
		{24ED91BD-25C2-5CB6-0282-115C36666878}.Release|Any CPU.Build.0 = Release|Any CPU
		{3C5FADB4-D740-A5A7-8750-FD28B2A7433F}.Debug|Any CPU.ActiveCfg = Debug|Any CPU
		{3C5FADB4-D740-A5A7-8750-FD28B2A7433F}.Debug|Any CPU.Build.0 = Debug|Any CPU
		{3C5FADB4-D740-A5A7-8750-FD28B2A7433F}.Release|Any CPU.ActiveCfg = Release|Any CPU
		{3C5FADB4-D740-A5A7-8750-FD28B2A7433F}.Release|Any CPU.Build.0 = Release|Any CPU
	EndGlobalSection
	GlobalSection(SolutionProperties) = preSolution
		HideSolutionNode = FALSE
	EndGlobalSection
EndGlobal
